Microsoft Visual Studio Solution File, Format Version 11.00
# Visual Studio 2008

Project("{04E71FE7-CDD8-3095-04B8-3481A5D3430B}") = "Rollbot", "Assembly-CSharp.csproj", "{86F14505-0A26-BFBA-82AC-CE5555CA1266}"
EndProject
Global
	GlobalSection(SolutionConfigurationPlatforms) = preSolution
		Debug|Any CPU = Debug|Any CPU
		Release|Any CPU = Release|Any CPU
	EndGlobalSection
	GlobalSection(ProjectConfigurationPlatforms) = postSolution
		{86F14505-0A26-BFBA-82AC-CE5555CA1266}.Debug|Any CPU.ActiveCfg = Debug|Any CPU
		{86F14505-0A26-BFBA-82AC-CE5555CA1266}.Debug|Any CPU.Build.0 = Debug|Any CPU
		{86F14505-0A26-BFBA-82AC-CE5555CA1266}.Release|Any CPU.ActiveCfg = Release|Any CPU
		{86F14505-0A26-BFBA-82AC-CE5555CA1266}.Release|Any CPU.Build.0 = Release|Any CPU
	EndGlobalSection
	GlobalSection(SolutionProperties) = preSolution
		HideSolutionNode = FALSE
	EndGlobalSection
	GlobalSection(MonoDevelopProperties) = preSolution
		StartupItem = Assembly-CSharp.csproj
	EndGlobalSection
EndGlobal
